
Microsoft Visual Studio Solution File, Format Version 12.00
# Visual Studio Version 17
VisualStudioVersion = 17.11.35222.181
MinimumVisualStudioVersion = 10.0.40219.1
Project("{FAE04EC0-301F-11D3-BF4B-00C04F79EFBC}") = "TodoApi", "TodoApi\TodoApi.csproj", "{F7D9F340-C2AD-4260-8D35-EDB7C7DB47BD}"
EndProject
Project("{54A90642-561A-4BB1-A94E-469ADEE60C69}") = "ReactTodoApp", "reactTodoApp\ReactTodoApp.esproj", "{0878E1FE-D3C1-432D-90A9-5BCB8B8B2F6F}"
EndProject
Global
	GlobalSection(SolutionConfigurationPlatforms) = preSolution
		Debug|Any CPU = Debug|Any CPU
		Release|Any CPU = Release|Any CPU
	EndGlobalSection
	GlobalSection(ProjectConfigurationPlatforms) = postSolution
		{F7D9F340-C2AD-4260-8D35-EDB7C7DB47BD}.Debug|Any CPU.ActiveCfg = Debug|Any CPU
		{F7D9F340-C2AD-4260-8D35-EDB7C7DB47BD}.Debug|Any CPU.Build.0 = Debug|Any CPU
		{F7D9F340-C2AD-4260-8D35-EDB7C7DB47BD}.Release|Any CPU.ActiveCfg = Release|Any CPU
		{F7D9F340-C2AD-4260-8D35-EDB7C7DB47BD}.Release|Any CPU.Build.0 = Release|Any CPU
		{0878E1FE-D3C1-432D-90A9-5BCB8B8B2F6F}.Debug|Any CPU.ActiveCfg = Debug|Any CPU
		{0878E1FE-D3C1-432D-90A9-5BCB8B8B2F6F}.Debug|Any CPU.Build.0 = Debug|Any CPU
		{0878E1FE-D3C1-432D-90A9-5BCB8B8B2F6F}.Debug|Any CPU.Deploy.0 = Debug|Any CPU
		{0878E1FE-D3C1-432D-90A9-5BCB8B8B2F6F}.Release|Any CPU.ActiveCfg = Release|Any CPU
		{0878E1FE-D3C1-432D-90A9-5BCB8B8B2F6F}.Release|Any CPU.Build.0 = Release|Any CPU
		{0878E1FE-D3C1-432D-90A9-5BCB8B8B2F6F}.Release|Any CPU.Deploy.0 = Release|Any CPU
	EndGlobalSection
	GlobalSection(SolutionProperties) = preSolution
		HideSolutionNode = FALSE
	EndGlobalSection
	GlobalSection(ExtensibilityGlobals) = postSolution
		SolutionGuid = {A42381CD-9DC4-4AAE-B221-C9028A12562D}
	EndGlobalSection
EndGlobal
